
Microsoft Visual Studio Solution File, Format Version 12.00
# Visual Studio 14
VisualStudioVersion = 14.0.25420.1
MinimumVisualStudioVersion = 10.0.40219.1
Project("{FAE04EC0-301F-11D3-BF4B-00C04F79EFBC}") = "teht1", "teht1\teht1.csproj", "{EA1562FD-1036-4D0A-AC75-9B6619E8237A}"
EndProject
Project("{FAE04EC0-301F-11D3-BF4B-00C04F79EFBC}") = "teht2", "teht2\teht2.csproj", "{D33E3ACC-F12D-4497-BCDE-4FAC2A2F4D36}"
EndProject
Project("{FAE04EC0-301F-11D3-BF4B-00C04F79EFBC}") = "teht3", "teht3\teht3.csproj", "{FA0527C5-0B4A-4768-B3B3-BBE4B64DF48F}"
EndProject
Project("{FAE04EC0-301F-11D3-BF4B-00C04F79EFBC}") = "teht4", "teht4\teht4.csproj", "{95C61854-AECB-460D-B586-D441AF972F53}"
EndProject
Project("{FAE04EC0-301F-11D3-BF4B-00C04F79EFBC}") = "teht5", "teht5\teht5.csproj", "{53B70E62-89A7-4D18-BCEB-F776FB039F91}"
EndProject
Project("{FAE04EC0-301F-11D3-BF4B-00C04F79EFBC}") = "teht6", "teht6\teht6.csproj", "{921FCE1D-38DB-4DCB-875E-A48D04E02EF7}"
EndProject
Project("{FAE04EC0-301F-11D3-BF4B-00C04F79EFBC}") = "teht7", "teht7\teht7.csproj", "{4E6822D6-D99C-4889-BCC2-2558AA5B7353}"
EndProject
Project("{FAE04EC0-301F-11D3-BF4B-00C04F79EFBC}") = "teht8", "teht8\teht8.csproj", "{6B0B3510-8F3F-4EBD-B011-04336A660713}"
EndProject
Project("{FAE04EC0-301F-11D3-BF4B-00C04F79EFBC}") = "teht9", "teht9\teht9.csproj", "{892D9F9C-B97C-41E7-BBC7-18FFBD7F585D}"
EndProject
Project("{FAE04EC0-301F-11D3-BF4B-00C04F79EFBC}") = "teht10", "teht10\teht10.csproj", "{819E9322-7BB4-4553-A49B-576C718E9667}"
EndProject
Project("{FAE04EC0-301F-11D3-BF4B-00C04F79EFBC}") = "teht11", "teht11\teht11.csproj", "{AFAD0B3C-0E30-4FA8-8396-C8EAA93F2E47}"
EndProject
Project("{FAE04EC0-301F-11D3-BF4B-00C04F79EFBC}") = "teht12", "teht12\teht12.csproj", "{0055D874-B9F5-47A0-90CB-EB447B488240}"
EndProject
Project("{FAE04EC0-301F-11D3-BF4B-00C04F79EFBC}") = "teht13", "teht13\teht13.csproj", "{3FC89031-B88C-4167-86EC-074453CFFA4B}"
EndProject
Global
	GlobalSection(SolutionConfigurationPlatforms) = preSolution
		Debug|Any CPU = Debug|Any CPU
		Release|Any CPU = Release|Any CPU
	EndGlobalSection
	GlobalSection(ProjectConfigurationPlatforms) = postSolution
		{EA1562FD-1036-4D0A-AC75-9B6619E8237A}.Debug|Any CPU.ActiveCfg = Debug|Any CPU
		{EA1562FD-1036-4D0A-AC75-9B6619E8237A}.Debug|Any CPU.Build.0 = Debug|Any CPU
		{EA1562FD-1036-4D0A-AC75-9B6619E8237A}.Release|Any CPU.ActiveCfg = Release|Any CPU
		{EA1562FD-1036-4D0A-AC75-9B6619E8237A}.Release|Any CPU.Build.0 = Release|Any CPU
		{D33E3ACC-F12D-4497-BCDE-4FAC2A2F4D36}.Debug|Any CPU.ActiveCfg = Debug|Any CPU
		{D33E3ACC-F12D-4497-BCDE-4FAC2A2F4D36}.Debug|Any CPU.Build.0 = Debug|Any CPU
		{D33E3ACC-F12D-4497-BCDE-4FAC2A2F4D36}.Release|Any CPU.ActiveCfg = Release|Any CPU
		{D33E3ACC-F12D-4497-BCDE-4FAC2A2F4D36}.Release|Any CPU.Build.0 = Release|Any CPU
		{FA0527C5-0B4A-4768-B3B3-BBE4B64DF48F}.Debug|Any CPU.ActiveCfg = Debug|Any CPU
		{FA0527C5-0B4A-4768-B3B3-BBE4B64DF48F}.Debug|Any CPU.Build.0 = Debug|Any CPU
		{FA0527C5-0B4A-4768-B3B3-BBE4B64DF48F}.Release|Any CPU.ActiveCfg = Release|Any CPU
		{FA0527C5-0B4A-4768-B3B3-BBE4B64DF48F}.Release|Any CPU.Build.0 = Release|Any CPU
		{95C61854-AECB-460D-B586-D441AF972F53}.Debug|Any CPU.ActiveCfg = Debug|Any CPU
		{95C61854-AECB-460D-B586-D441AF972F53}.Debug|Any CPU.Build.0 = Debug|Any CPU
		{95C61854-AECB-460D-B586-D441AF972F53}.Release|Any CPU.ActiveCfg = Release|Any CPU
		{95C61854-AECB-460D-B586-D441AF972F53}.Release|Any CPU.Build.0 = Release|Any CPU
		{53B70E62-89A7-4D18-BCEB-F776FB039F91}.Debug|Any CPU.ActiveCfg = Debug|Any CPU
		{53B70E62-89A7-4D18-BCEB-F776FB039F91}.Debug|Any CPU.Build.0 = Debug|Any CPU
		{53B70E62-89A7-4D18-BCEB-F776FB039F91}.Release|Any CPU.ActiveCfg = Release|Any CPU
		{53B70E62-89A7-4D18-BCEB-F776FB039F91}.Release|Any CPU.Build.0 = Release|Any CPU
		{921FCE1D-38DB-4DCB-875E-A48D04E02EF7}.Debug|Any CPU.ActiveCfg = Debug|Any CPU
		{921FCE1D-38DB-4DCB-875E-A48D04E02EF7}.Debug|Any CPU.Build.0 = Debug|Any CPU
		{921FCE1D-38DB-4DCB-875E-A48D04E02EF7}.Release|Any CPU.ActiveCfg = Release|Any CPU
		{921FCE1D-38DB-4DCB-875E-A48D04E02EF7}.Release|Any CPU.Build.0 = Release|Any CPU
		{4E6822D6-D99C-4889-BCC2-2558AA5B7353}.Debug|Any CPU.ActiveCfg = Debug|Any CPU
		{4E6822D6-D99C-4889-BCC2-2558AA5B7353}.Debug|Any CPU.Build.0 = Debug|Any CPU
		{4E6822D6-D99C-4889-BCC2-2558AA5B7353}.Release|Any CPU.ActiveCfg = Release|Any CPU
		{4E6822D6-D99C-4889-BCC2-2558AA5B7353}.Release|Any CPU.Build.0 = Release|Any CPU
		{6B0B3510-8F3F-4EBD-B011-04336A660713}.Debug|Any CPU.ActiveCfg = Debug|Any CPU
		{6B0B3510-8F3F-4EBD-B011-04336A660713}.Debug|Any CPU.Build.0 = Debug|Any CPU
		{6B0B3510-8F3F-4EBD-B011-04336A660713}.Release|Any CPU.ActiveCfg = Release|Any CPU
		{6B0B3510-8F3F-4EBD-B011-04336A660713}.Release|Any CPU.Build.0 = Release|Any CPU
		{892D9F9C-B97C-41E7-BBC7-18FFBD7F585D}.Debug|Any CPU.ActiveCfg = Debug|Any CPU
		{892D9F9C-B97C-41E7-BBC7-18FFBD7F585D}.Debug|Any CPU.Build.0 = Debug|Any CPU
		{892D9F9C-B97C-41E7-BBC7-18FFBD7F585D}.Release|Any CPU.ActiveCfg = Release|Any CPU
		{892D9F9C-B97C-41E7-BBC7-18FFBD7F585D}.Release|Any CPU.Build.0 = Release|Any CPU
		{819E9322-7BB4-4553-A49B-576C718E9667}.Debug|Any CPU.ActiveCfg = Debug|Any CPU
		{819E9322-7BB4-4553-A49B-576C718E9667}.Debug|Any CPU.Build.0 = Debug|Any CPU
		{819E9322-7BB4-4553-A49B-576C718E9667}.Release|Any CPU.ActiveCfg = Release|Any CPU
		{819E9322-7BB4-4553-A49B-576C718E9667}.Release|Any CPU.Build.0 = Release|Any CPU
		{AFAD0B3C-0E30-4FA8-8396-C8EAA93F2E47}.Debug|Any CPU.ActiveCfg = Debug|Any CPU
		{AFAD0B3C-0E30-4FA8-8396-C8EAA93F2E47}.Debug|Any CPU.Build.0 = Debug|Any CPU
		{AFAD0B3C-0E30-4FA8-8396-C8EAA93F2E47}.Release|Any CPU.ActiveCfg = Release|Any CPU
		{AFAD0B3C-0E30-4FA8-8396-C8EAA93F2E47}.Release|Any CPU.Build.0 = Release|Any CPU
		{0055D874-B9F5-47A0-90CB-EB447B488240}.Debug|Any CPU.ActiveCfg = Debug|Any CPU
		{0055D874-B9F5-47A0-90CB-EB447B488240}.Debug|Any CPU.Build.0 = Debug|Any CPU
		{0055D874-B9F5-47A0-90CB-EB447B488240}.Release|Any CPU.ActiveCfg = Release|Any CPU
		{0055D874-B9F5-47A0-90CB-EB447B488240}.Release|Any CPU.Build.0 = Release|Any CPU
		{3FC89031-B88C-4167-86EC-074453CFFA4B}.Debug|Any CPU.ActiveCfg = Debug|Any CPU
		{3FC89031-B88C-4167-86EC-074453CFFA4B}.Debug|Any CPU.Build.0 = Debug|Any CPU
		{3FC89031-B88C-4167-86EC-074453CFFA4B}.Release|Any CPU.ActiveCfg = Release|Any CPU
		{3FC89031-B88C-4167-86EC-074453CFFA4B}.Release|Any CPU.Build.0 = Release|Any CPU
	EndGlobalSection
	GlobalSection(SolutionProperties) = preSolution
		HideSolutionNode = FALSE
	EndGlobalSection
EndGlobal
